// !$*UTF8*$!
{
	archiveVersion = 1;
	classes = {
	};
	objectVersion = 56;
	objects = {

/* Begin PBXBuildFile section */
		A351CD732D6CE87A00C4DBF2 /* QuokkaApp.swift in Sources */ = {isa = PBXBuildFile; fileRef = A351CD722D6CE87A00C4DBF2 /* QuokkaApp.swift */; };
		A351CD752D6CE87A00C4DBF2 /* ContentView.swift in Sources */ = {isa = PBXBuildFile; fileRef = A351CD742D6CE87A00C4DBF2 /* ContentView.swift */; };
		A351CD772D6CE87B00C4DBF2 /* Assets.xcassets in Resources */ = {isa = PBXBuildFile; fileRef = A351CD762D6CE87B00C4DBF2 /* Assets.xcassets */; };
		A351CD7A2D6CE87B00C4DBF2 /* Preview Assets.xcassets in Resources */ = {isa = PBXBuildFile; fileRef = A351CD792D6CE87B00C4DBF2 /* Preview Assets.xcassets */; };
		A351CD832D6CEEE100C4DBF2 /* Constants.swift in Sources */ = {isa = PBXBuildFile; fileRef = A351CD822D6CEEE100C4DBF2 /* Constants.swift */; };
		A351CD872D6E43AD00C4DBF2 /* ChecklistView.swift in Sources */ = {isa = PBXBuildFile; fileRef = A351CD862D6E43AD00C4DBF2 /* ChecklistView.swift */; };
		A351CD892D6E43BB00C4DBF2 /* GoalsView.swift in Sources */ = {isa = PBXBuildFile; fileRef = A351CD882D6E43BA00C4DBF2 /* GoalsView.swift */; };
		A351CD8B2D6E43CA00C4DBF2 /* MainProfileView.swift in Sources */ = {isa = PBXBuildFile; fileRef = A351CD8A2D6E43CA00C4DBF2 /* MainProfileView.swift */; };
		A351CD8D2D6E45E500C4DBF2 /* MainTabView.swift in Sources */ = {isa = PBXBuildFile; fileRef = A351CD8C2D6E45E500C4DBF2 /* MainTabView.swift */; };
		A351CD8F2D722FCE00C4DBF2 /* GoogleService-Info.plist in Resources */ = {isa = PBXBuildFile; fileRef = A351CD8E2D722FCE00C4DBF2 /* GoogleService-Info.plist */; };
		A351CD922D72310C00C4DBF2 /* FirebaseAnalytics in Frameworks */ = {isa = PBXBuildFile; productRef = A351CD912D72310C00C4DBF2 /* FirebaseAnalytics */; };
		A351CD942D72310C00C4DBF2 /* FirebaseAuth in Frameworks */ = {isa = PBXBuildFile; productRef = A351CD932D72310C00C4DBF2 /* FirebaseAuth */; };
		A351CD962D72310C00C4DBF2 /* FirebaseCore in Frameworks */ = {isa = PBXBuildFile; productRef = A351CD952D72310C00C4DBF2 /* FirebaseCore */; };
		A351CD982D72310C00C4DBF2 /* FirebaseDatabase in Frameworks */ = {isa = PBXBuildFile; productRef = A351CD972D72310C00C4DBF2 /* FirebaseDatabase */; };
		A351CD9A2D72310C00C4DBF2 /* FirebaseFunctions in Frameworks */ = {isa = PBXBuildFile; productRef = A351CD992D72310C00C4DBF2 /* FirebaseFunctions */; };
		A351CD9C2D72310C00C4DBF2 /* FirebasePerformance in Frameworks */ = {isa = PBXBuildFile; productRef = A351CD9B2D72310C00C4DBF2 /* FirebasePerformance */; };
		A351CD9E2D72310C00C4DBF2 /* FirebaseRemoteConfig in Frameworks */ = {isa = PBXBuildFile; productRef = A351CD9D2D72310C00C4DBF2 /* FirebaseRemoteConfig */; };
		A351CDA02D72310C00C4DBF2 /* FirebaseStorage in Frameworks */ = {isa = PBXBuildFile; productRef = A351CD9F2D72310C00C4DBF2 /* FirebaseStorage */; };
		A351CDA42D72345900C4DBF2 /* FirebaseStorageCombine-Community in Frameworks */ = {isa = PBXBuildFile; productRef = A351CDA32D72345900C4DBF2 /* FirebaseStorageCombine-Community */; };
		A351CDA62D762EE100C4DBF2 /* FirebaseFirestore in Frameworks */ = {isa = PBXBuildFile; productRef = A351CDA52D762EE100C4DBF2 /* FirebaseFirestore */; };
		A351CDA82D762EE100C4DBF2 /* FirebaseFirestoreCombine-Community in Frameworks */ = {isa = PBXBuildFile; productRef = A351CDA72D762EE100C4DBF2 /* FirebaseFirestoreCombine-Community */; };
		A351CDB02D7A16E100C4DBF2 /* DataBaseTestView.swift in Sources */ = {isa = PBXBuildFile; fileRef = A351CDAF2D7A16E100C4DBF2 /* DataBaseTestView.swift */; };
		FC1BF1B22D834F11001B175D /* Animal Product Question View.swift in Sources */ = {isa = PBXBuildFile; fileRef = FC1BF1B12D834F11001B175D /* Animal Product Question View.swift */; };
		FC1BF1B42D83573C001B175D /* Food Locality View.swift in Sources */ = {isa = PBXBuildFile; fileRef = FC1BF1B32D83573C001B175D /* Food Locality View.swift */; };
		FC1BF1B62D835D67001B175D /* Waste Production View.swift in Sources */ = {isa = PBXBuildFile; fileRef = FC1BF1B52D835D67001B175D /* Waste Production View.swift */; };
		FC1BF1B82D84AD0B001B175D /* Consumption View.swift in Sources */ = {isa = PBXBuildFile; fileRef = FC1BF1B72D84AD0B001B175D /* Consumption View.swift */; };
		FC1BF1BC2D84B274001B175D /* Recycling View.swift in Sources */ = {isa = PBXBuildFile; fileRef = FC1BF1BB2D84B274001B175D /* Recycling View.swift */; };
		FC1BF1BE2D84B4AC001B175D /* Electricity View.swift in Sources */ = {isa = PBXBuildFile; fileRef = FC1BF1BD2D84B4AC001B175D /* Electricity View.swift */; };
		FC3D25592D6E4BC800BC36A5 /* CarbonFootprintCalculator.swift in Sources */ = {isa = PBXBuildFile; fileRef = FC3D25582D6E4BC800BC36A5 /* CarbonFootprintCalculator.swift */; };
		FC506F4F2D9482C500438ADB /* Quokka Land.swift in Sources */ = {isa = PBXBuildFile; fileRef = FC506F4E2D9482C500438ADB /* Quokka Land.swift */; };
		FC7328EA2D8B36CF00E5BDE4 /* Housing View.swift in Sources */ = {isa = PBXBuildFile; fileRef = FC7328E92D8B36CF00E5BDE4 /* Housing View.swift */; };
		FC7328EC2D8B412C00E5BDE4 /* Housing Size View.swift in Sources */ = {isa = PBXBuildFile; fileRef = FC7328EB2D8B412C00E5BDE4 /* Housing Size View.swift */; };
		FC7328EE2D91C6FB00E5BDE4 /* Private Transport View.swift in Sources */ = {isa = PBXBuildFile; fileRef = FC7328ED2D91C6FB00E5BDE4 /* Private Transport View.swift */; };
		FC7328F02D91CA8700E5BDE4 /* Public Transport View.swift in Sources */ = {isa = PBXBuildFile; fileRef = FC7328EF2D91CA8700E5BDE4 /* Public Transport View.swift */; };
		FC7328F22D91CCBB00E5BDE4 /* Carpool View.swift in Sources */ = {isa = PBXBuildFile; fileRef = FC7328F12D91CCBB00E5BDE4 /* Carpool View.swift */; };
		FC7328F42D91CDBF00E5BDE4 /* Air Travel View.swift in Sources */ = {isa = PBXBuildFile; fileRef = FC7328F32D91CDBF00E5BDE4 /* Air Travel View.swift */; };
		FC7328F62D931EF700E5BDE4 /* Quiz Navigation View.swift in Sources */ = {isa = PBXBuildFile; fileRef = FC7328F52D931EF700E5BDE4 /* Quiz Navigation View.swift */; };
		FC7328F82D93257B00E5BDE4 /* Update User Stats.swift in Sources */ = {isa = PBXBuildFile; fileRef = FC7328F72D93257B00E5BDE4 /* Update User Stats.swift */; };
/* End PBXBuildFile section */

/* Begin PBXFileReference section */
		A351CD6F2D6CE87A00C4DBF2 /* Quokka.app */ = {isa = PBXFileReference; explicitFileType = wrapper.application; includeInIndex = 0; path = Quokka.app; sourceTree = BUILT_PRODUCTS_DIR; };
		A351CD722D6CE87A00C4DBF2 /* QuokkaApp.swift */ = {isa = PBXFileReference; lastKnownFileType = sourcecode.swift; path = QuokkaApp.swift; sourceTree = "<group>"; };
		A351CD742D6CE87A00C4DBF2 /* ContentView.swift */ = {isa = PBXFileReference; lastKnownFileType = sourcecode.swift; path = ContentView.swift; sourceTree = "<group>"; };
		A351CD762D6CE87B00C4DBF2 /* Assets.xcassets */ = {isa = PBXFileReference; lastKnownFileType = folder.assetcatalog; path = Assets.xcassets; sourceTree = "<group>"; };
		A351CD792D6CE87B00C4DBF2 /* Preview Assets.xcassets */ = {isa = PBXFileReference; lastKnownFileType = folder.assetcatalog; path = "Preview Assets.xcassets"; sourceTree = "<group>"; };
		A351CD822D6CEEE100C4DBF2 /* Constants.swift */ = {isa = PBXFileReference; lastKnownFileType = sourcecode.swift; path = Constants.swift; sourceTree = "<group>"; };
		A351CD862D6E43AD00C4DBF2 /* ChecklistView.swift */ = {isa = PBXFileReference; lastKnownFileType = sourcecode.swift; path = ChecklistView.swift; sourceTree = "<group>"; };
		A351CD882D6E43BA00C4DBF2 /* GoalsView.swift */ = {isa = PBXFileReference; lastKnownFileType = sourcecode.swift; path = GoalsView.swift; sourceTree = "<group>"; };
		A351CD8A2D6E43CA00C4DBF2 /* MainProfileView.swift */ = {isa = PBXFileReference; lastKnownFileType = sourcecode.swift; path = MainProfileView.swift; sourceTree = "<group>"; };
		A351CD8C2D6E45E500C4DBF2 /* MainTabView.swift */ = {isa = PBXFileReference; lastKnownFileType = sourcecode.swift; path = MainTabView.swift; sourceTree = "<group>"; };
		A351CD8E2D722FCE00C4DBF2 /* GoogleService-Info.plist */ = {isa = PBXFileReference; fileEncoding = 4; lastKnownFileType = text.plist.xml; path = "GoogleService-Info.plist"; sourceTree = "<group>"; };
		A351CDAF2D7A16E100C4DBF2 /* DataBaseTestView.swift */ = {isa = PBXFileReference; lastKnownFileType = sourcecode.swift; path = DataBaseTestView.swift; sourceTree = "<group>"; };
		FC1BF1B12D834F11001B175D /* Animal Product Question View.swift */ = {isa = PBXFileReference; lastKnownFileType = sourcecode.swift; path = "Animal Product Question View.swift"; sourceTree = "<group>"; };
		FC1BF1B32D83573C001B175D /* Food Locality View.swift */ = {isa = PBXFileReference; lastKnownFileType = sourcecode.swift; path = "Food Locality View.swift"; sourceTree = "<group>"; };
		FC1BF1B52D835D67001B175D /* Waste Production View.swift */ = {isa = PBXFileReference; lastKnownFileType = sourcecode.swift; path = "Waste Production View.swift"; sourceTree = "<group>"; };
		FC1BF1B72D84AD0B001B175D /* Consumption View.swift */ = {isa = PBXFileReference; lastKnownFileType = sourcecode.swift; path = "Consumption View.swift"; sourceTree = "<group>"; };
		FC1BF1BB2D84B274001B175D /* Recycling View.swift */ = {isa = PBXFileReference; lastKnownFileType = sourcecode.swift; path = "Recycling View.swift"; sourceTree = "<group>"; };
		FC1BF1BD2D84B4AC001B175D /* Electricity View.swift */ = {isa = PBXFileReference; lastKnownFileType = sourcecode.swift; path = "Electricity View.swift"; sourceTree = "<group>"; };
		FC3D25582D6E4BC800BC36A5 /* CarbonFootprintCalculator.swift */ = {isa = PBXFileReference; lastKnownFileType = sourcecode.swift; path = CarbonFootprintCalculator.swift; sourceTree = "<group>"; };
		FC506F4E2D9482C500438ADB /* Quokka Land.swift */ = {isa = PBXFileReference; lastKnownFileType = sourcecode.swift; path = "Quokka Land.swift"; sourceTree = "<group>"; };
		FC7328E92D8B36CF00E5BDE4 /* Housing View.swift */ = {isa = PBXFileReference; lastKnownFileType = sourcecode.swift; path = "Housing View.swift"; sourceTree = "<group>"; };
		FC7328EB2D8B412C00E5BDE4 /* Housing Size View.swift */ = {isa = PBXFileReference; lastKnownFileType = sourcecode.swift; path = "Housing Size View.swift"; sourceTree = "<group>"; };
		FC7328ED2D91C6FB00E5BDE4 /* Private Transport View.swift */ = {isa = PBXFileReference; lastKnownFileType = sourcecode.swift; path = "Private Transport View.swift"; sourceTree = "<group>"; };
		FC7328EF2D91CA8700E5BDE4 /* Public Transport View.swift */ = {isa = PBXFileReference; lastKnownFileType = sourcecode.swift; path = "Public Transport View.swift"; sourceTree = "<group>"; };
		FC7328F12D91CCBB00E5BDE4 /* Carpool View.swift */ = {isa = PBXFileReference; lastKnownFileType = sourcecode.swift; path = "Carpool View.swift"; sourceTree = "<group>"; };
		FC7328F32D91CDBF00E5BDE4 /* Air Travel View.swift */ = {isa = PBXFileReference; lastKnownFileType = sourcecode.swift; path = "Air Travel View.swift"; sourceTree = "<group>"; };
		FC7328F52D931EF700E5BDE4 /* Quiz Navigation View.swift */ = {isa = PBXFileReference; lastKnownFileType = sourcecode.swift; path = "Quiz Navigation View.swift"; sourceTree = "<group>"; };
		FC7328F72D93257B00E5BDE4 /* Update User Stats.swift */ = {isa = PBXFileReference; lastKnownFileType = sourcecode.swift; path = "Update User Stats.swift"; sourceTree = "<group>"; };
/* End PBXFileReference section */

/* Begin PBXFrameworksBuildPhase section */
		A351CD6C2D6CE87A00C4DBF2 /* Frameworks */ = {
			isa = PBXFrameworksBuildPhase;
			buildActionMask = 2147483647;
			files = (
				A351CD922D72310C00C4DBF2 /* FirebaseAnalytics in Frameworks */,
				A351CD962D72310C00C4DBF2 /* FirebaseCore in Frameworks */,
				A351CD9C2D72310C00C4DBF2 /* FirebasePerformance in Frameworks */,
				A351CDA62D762EE100C4DBF2 /* FirebaseFirestore in Frameworks */,
				A351CD9E2D72310C00C4DBF2 /* FirebaseRemoteConfig in Frameworks */,
				A351CDA82D762EE100C4DBF2 /* FirebaseFirestoreCombine-Community in Frameworks */,
				A351CD9A2D72310C00C4DBF2 /* FirebaseFunctions in Frameworks */,
				A351CDA02D72310C00C4DBF2 /* FirebaseStorage in Frameworks */,
				A351CD982D72310C00C4DBF2 /* FirebaseDatabase in Frameworks */,
				A351CDA42D72345900C4DBF2 /* FirebaseStorageCombine-Community in Frameworks */,
				A351CD942D72310C00C4DBF2 /* FirebaseAuth in Frameworks */,
			);
			runOnlyForDeploymentPostprocessing = 0;
		};
/* End PBXFrameworksBuildPhase section */

/* Begin PBXGroup section */
		A351CD662D6CE87A00C4DBF2 = {
			isa = PBXGroup;
			children = (
				A351CD712D6CE87A00C4DBF2 /* Quokka */,
				A351CD702D6CE87A00C4DBF2 /* Products */,
			);
			sourceTree = "<group>";
		};
		A351CD702D6CE87A00C4DBF2 /* Products */ = {
			isa = PBXGroup;
			children = (
				A351CD6F2D6CE87A00C4DBF2 /* Quokka.app */,
			);
			name = Products;
			sourceTree = "<group>";
		};
		A351CD712D6CE87A00C4DBF2 /* Quokka */ = {
			isa = PBXGroup;
			children = (
				A351CD722D6CE87A00C4DBF2 /* QuokkaApp.swift */,
				A351CD8E2D722FCE00C4DBF2 /* GoogleService-Info.plist */,
				A351CD802D6CEEBE00C4DBF2 /* Views */,
				A351CD812D6CEECA00C4DBF2 /* Controls */,
				A351CD762D6CE87B00C4DBF2 /* Assets.xcassets */,
				A351CD782D6CE87B00C4DBF2 /* Preview Content */,
			);
			path = Quokka;
			sourceTree = "<group>";
		};
		A351CD782D6CE87B00C4DBF2 /* Preview Content */ = {
			isa = PBXGroup;
			children = (
				A351CD792D6CE87B00C4DBF2 /* Preview Assets.xcassets */,
			);
			path = "Preview Content";
			sourceTree = "<group>";
		};
		A351CD802D6CEEBE00C4DBF2 /* Views */ = {
			isa = PBXGroup;
			children = (
				FC1BF1B02D834E34001B175D /* Quiz Views */,
				A351CD742D6CE87A00C4DBF2 /* ContentView.swift */,
				A351CD8C2D6E45E500C4DBF2 /* MainTabView.swift */,
				A351CD862D6E43AD00C4DBF2 /* ChecklistView.swift */,
				A351CD882D6E43BA00C4DBF2 /* GoalsView.swift */,
				A351CD8A2D6E43CA00C4DBF2 /* MainProfileView.swift */,
				A351CDAF2D7A16E100C4DBF2 /* DataBaseTestView.swift */,
				FC7328F72D93257B00E5BDE4 /* Update User Stats.swift */,
				FC506F4E2D9482C500438ADB /* Quokka Land.swift */,
			);
			path = Views;
			sourceTree = "<group>";
		};
		A351CD812D6CEECA00C4DBF2 /* Controls */ = {
			isa = PBXGroup;
			children = (
				FC3D25582D6E4BC800BC36A5 /* CarbonFootprintCalculator.swift */,
				A351CD822D6CEEE100C4DBF2 /* Constants.swift */,
			);
			path = Controls;
			sourceTree = "<group>";
		};
		FC1BF1B02D834E34001B175D /* Quiz Views */ = {
			isa = PBXGroup;
			children = (
				FC1BF1B12D834F11001B175D /* Animal Product Question View.swift */,
				FC1BF1B32D83573C001B175D /* Food Locality View.swift */,
				FC1BF1B52D835D67001B175D /* Waste Production View.swift */,
				FC1BF1B72D84AD0B001B175D /* Consumption View.swift */,
				FC1BF1BB2D84B274001B175D /* Recycling View.swift */,
				FC1BF1BD2D84B4AC001B175D /* Electricity View.swift */,
				FC7328E92D8B36CF00E5BDE4 /* Housing View.swift */,
				FC7328EB2D8B412C00E5BDE4 /* Housing Size View.swift */,
				FC7328ED2D91C6FB00E5BDE4 /* Private Transport View.swift */,
				FC7328EF2D91CA8700E5BDE4 /* Public Transport View.swift */,
				FC7328F12D91CCBB00E5BDE4 /* Carpool View.swift */,
				FC7328F32D91CDBF00E5BDE4 /* Air Travel View.swift */,
				FC7328F52D931EF700E5BDE4 /* Quiz Navigation View.swift */,
			);
			path = "Quiz Views";
			sourceTree = "<group>";
		};
/* End PBXGroup section */

/* Begin PBXNativeTarget section */
		A351CD6E2D6CE87A00C4DBF2 /* Quokka */ = {
			isa = PBXNativeTarget;
			buildConfigurationList = A351CD7D2D6CE87B00C4DBF2 /* Build configuration list for PBXNativeTarget "Quokka" */;
			buildPhases = (
				A351CD6B2D6CE87A00C4DBF2 /* Sources */,
				A351CD6C2D6CE87A00C4DBF2 /* Frameworks */,
				A351CD6D2D6CE87A00C4DBF2 /* Resources */,
			);
			buildRules = (
			);
			dependencies = (
			);
			name = Quokka;
			packageProductDependencies = (
				A351CD912D72310C00C4DBF2 /* FirebaseAnalytics */,
				A351CD932D72310C00C4DBF2 /* FirebaseAuth */,
				A351CD952D72310C00C4DBF2 /* FirebaseCore */,
				A351CD972D72310C00C4DBF2 /* FirebaseDatabase */,
				A351CD992D72310C00C4DBF2 /* FirebaseFunctions */,
				A351CD9B2D72310C00C4DBF2 /* FirebasePerformance */,
				A351CD9D2D72310C00C4DBF2 /* FirebaseRemoteConfig */,
				A351CD9F2D72310C00C4DBF2 /* FirebaseStorage */,
				A351CDA32D72345900C4DBF2 /* FirebaseStorageCombine-Community */,
				A351CDA52D762EE100C4DBF2 /* FirebaseFirestore */,
				A351CDA72D762EE100C4DBF2 /* FirebaseFirestoreCombine-Community */,
			);
			productName = Quokka;
			productReference = A351CD6F2D6CE87A00C4DBF2 /* Quokka.app */;
			productType = "com.apple.product-type.application";
		};
/* End PBXNativeTarget section */

/* Begin PBXProject section */
		A351CD672D6CE87A00C4DBF2 /* Project object */ = {
			isa = PBXProject;
			attributes = {
				BuildIndependentTargetsInParallel = 1;
				LastSwiftUpdateCheck = 1540;
				LastUpgradeCheck = 1540;
				TargetAttributes = {
					A351CD6E2D6CE87A00C4DBF2 = {
						CreatedOnToolsVersion = 15.4;
					};
				};
			};
			buildConfigurationList = A351CD6A2D6CE87A00C4DBF2 /* Build configuration list for PBXProject "Quokka" */;
			compatibilityVersion = "Xcode 14.0";
			developmentRegion = en;
			hasScannedForEncodings = 0;
			knownRegions = (
				en,
				Base,
			);
			mainGroup = A351CD662D6CE87A00C4DBF2;
			packageReferences = (
				A351CD902D72310C00C4DBF2 /* XCRemoteSwiftPackageReference "firebase-ios-sdk" */,
			);
			productRefGroup = A351CD702D6CE87A00C4DBF2 /* Products */;
			projectDirPath = "";
			projectRoot = "";
			targets = (
				A351CD6E2D6CE87A00C4DBF2 /* Quokka */,
			);
		};
/* End PBXProject section */

/* Begin PBXResourcesBuildPhase section */
		A351CD6D2D6CE87A00C4DBF2 /* Resources */ = {
			isa = PBXResourcesBuildPhase;
			buildActionMask = 2147483647;
			files = (
				A351CD7A2D6CE87B00C4DBF2 /* Preview Assets.xcassets in Resources */,
				A351CD8F2D722FCE00C4DBF2 /* GoogleService-Info.plist in Resources */,
				A351CD772D6CE87B00C4DBF2 /* Assets.xcassets in Resources */,
			);
			runOnlyForDeploymentPostprocessing = 0;
		};
/* End PBXResourcesBuildPhase section */

/* Begin PBXSourcesBuildPhase section */
		A351CD6B2D6CE87A00C4DBF2 /* Sources */ = {
			isa = PBXSourcesBuildPhase;
			buildActionMask = 2147483647;
			files = (
				FC1BF1BC2D84B274001B175D /* Recycling View.swift in Sources */,
				FC7328F62D931EF700E5BDE4 /* Quiz Navigation View.swift in Sources */,
				A351CD752D6CE87A00C4DBF2 /* ContentView.swift in Sources */,
				FC1BF1B42D83573C001B175D /* Food Locality View.swift in Sources */,
				FC1BF1B22D834F11001B175D /* Animal Product Question View.swift in Sources */,
				FC7328EC2D8B412C00E5BDE4 /* Housing Size View.swift in Sources */,
				A351CD872D6E43AD00C4DBF2 /* ChecklistView.swift in Sources */,
				FC506F4F2D9482C500438ADB /* Quokka Land.swift in Sources */,
				FC7328EA2D8B36CF00E5BDE4 /* Housing View.swift in Sources */,
				A351CD732D6CE87A00C4DBF2 /* QuokkaApp.swift in Sources */,
				FC7328EE2D91C6FB00E5BDE4 /* Private Transport View.swift in Sources */,
				A351CD892D6E43BB00C4DBF2 /* GoalsView.swift in Sources */,
				A351CD8D2D6E45E500C4DBF2 /* MainTabView.swift in Sources */,
				A351CD832D6CEEE100C4DBF2 /* Constants.swift in Sources */,
				FC7328F22D91CCBB00E5BDE4 /* Carpool View.swift in Sources */,
				FC7328F82D93257B00E5BDE4 /* Update User Stats.swift in Sources */,
				FC1BF1B82D84AD0B001B175D /* Consumption View.swift in Sources */,
				FC7328F02D91CA8700E5BDE4 /* Public Transport View.swift in Sources */,
				FC1BF1B62D835D67001B175D /* Waste Production View.swift in Sources */,
				A351CDB02D7A16E100C4DBF2 /* DataBaseTestView.swift in Sources */,
				FC1BF1BE2D84B4AC001B175D /* Electricity View.swift in Sources */,
				FC3D25592D6E4BC800BC36A5 /* CarbonFootprintCalculator.swift in Sources */,
				FC7328F42D91CDBF00E5BDE4 /* Air Travel View.swift in Sources */,
				A351CD8B2D6E43CA00C4DBF2 /* MainProfileView.swift in Sources */,
			);
			runOnlyForDeploymentPostprocessing = 0;
		};
/* End PBXSourcesBuildPhase section */

/* Begin XCBuildConfiguration section */
		A351CD7B2D6CE87B00C4DBF2 /* Debug */ = {
			isa = XCBuildConfiguration;
			buildSettings = {
				ALWAYS_SEARCH_USER_PATHS = NO;
				ASSETCATALOG_COMPILER_GENERATE_SWIFT_ASSET_SYMBOL_EXTENSIONS = YES;
				CLANG_ANALYZER_NONNULL = YES;
				CLANG_ANALYZER_NUMBER_OBJECT_CONVERSION = YES_AGGRESSIVE;
				CLANG_CXX_LANGUAGE_STANDARD = "gnu++20";
				CLANG_ENABLE_MODULES = YES;
				CLANG_ENABLE_OBJC_ARC = YES;
				CLANG_ENABLE_OBJC_WEAK = YES;
				CLANG_WARN_BLOCK_CAPTURE_AUTORELEASING = YES;
				CLANG_WARN_BOOL_CONVERSION = YES;
				CLANG_WARN_COMMA = YES;
				CLANG_WARN_CONSTANT_CONVERSION = YES;
				CLANG_WARN_DEPRECATED_OBJC_IMPLEMENTATIONS = YES;
				CLANG_WARN_DIRECT_OBJC_ISA_USAGE = YES_ERROR;
				CLANG_WARN_DOCUMENTATION_COMMENTS = YES;
				CLANG_WARN_EMPTY_BODY = YES;
				CLANG_WARN_ENUM_CONVERSION = YES;
				CLANG_WARN_INFINITE_RECURSION = YES;
				CLANG_WARN_INT_CONVERSION = YES;
				CLANG_WARN_NON_LITERAL_NULL_CONVERSION = YES;
				CLANG_WARN_OBJC_IMPLICIT_RETAIN_SELF = YES;
				CLANG_WARN_OBJC_LITERAL_CONVERSION = YES;
				CLANG_WARN_OBJC_ROOT_CLASS = YES_ERROR;
				CLANG_WARN_QUOTED_INCLUDE_IN_FRAMEWORK_HEADER = YES;
				CLANG_WARN_RANGE_LOOP_ANALYSIS = YES;
				CLANG_WARN_STRICT_PROTOTYPES = YES;
				CLANG_WARN_SUSPICIOUS_MOVE = YES;
				CLANG_WARN_UNGUARDED_AVAILABILITY = YES_AGGRESSIVE;
				CLANG_WARN_UNREACHABLE_CODE = YES;
				CLANG_WARN__DUPLICATE_METHOD_MATCH = YES;
				COPY_PHASE_STRIP = NO;
				DEBUG_INFORMATION_FORMAT = dwarf;
				ENABLE_STRICT_OBJC_MSGSEND = YES;
				ENABLE_TESTABILITY = YES;
				ENABLE_USER_SCRIPT_SANDBOXING = YES;
				GCC_C_LANGUAGE_STANDARD = gnu17;
				GCC_DYNAMIC_NO_PIC = NO;
				GCC_NO_COMMON_BLOCKS = YES;
				GCC_OPTIMIZATION_LEVEL = 0;
				GCC_PREPROCESSOR_DEFINITIONS = (
					"DEBUG=1",
					"$(inherited)",
				);
				GCC_WARN_64_TO_32_BIT_CONVERSION = YES;
				GCC_WARN_ABOUT_RETURN_TYPE = YES_ERROR;
				GCC_WARN_UNDECLARED_SELECTOR = YES;
				GCC_WARN_UNINITIALIZED_AUTOS = YES_AGGRESSIVE;
				GCC_WARN_UNUSED_FUNCTION = YES;
				GCC_WARN_UNUSED_VARIABLE = YES;
				IPHONEOS_DEPLOYMENT_TARGET = 17.5;
				LOCALIZATION_PREFERS_STRING_CATALOGS = YES;
				MTL_ENABLE_DEBUG_INFO = INCLUDE_SOURCE;
				MTL_FAST_MATH = YES;
				ONLY_ACTIVE_ARCH = YES;
				SDKROOT = iphoneos;
				SWIFT_ACTIVE_COMPILATION_CONDITIONS = "DEBUG $(inherited)";
				SWIFT_OPTIMIZATION_LEVEL = "-Onone";
			};
			name = Debug;
		};
		A351CD7C2D6CE87B00C4DBF2 /* Release */ = {
			isa = XCBuildConfiguration;
			buildSettings = {
				ALWAYS_SEARCH_USER_PATHS = NO;
				ASSETCATALOG_COMPILER_GENERATE_SWIFT_ASSET_SYMBOL_EXTENSIONS = YES;
				CLANG_ANALYZER_NONNULL = YES;
				CLANG_ANALYZER_NUMBER_OBJECT_CONVERSION = YES_AGGRESSIVE;
				CLANG_CXX_LANGUAGE_STANDARD = "gnu++20";
				CLANG_ENABLE_MODULES = YES;
				CLANG_ENABLE_OBJC_ARC = YES;
				CLANG_ENABLE_OBJC_WEAK = YES;
				CLANG_WARN_BLOCK_CAPTURE_AUTORELEASING = YES;
				CLANG_WARN_BOOL_CONVERSION = YES;
				CLANG_WARN_COMMA = YES;
				CLANG_WARN_CONSTANT_CONVERSION = YES;
				CLANG_WARN_DEPRECATED_OBJC_IMPLEMENTATIONS = YES;
				CLANG_WARN_DIRECT_OBJC_ISA_USAGE = YES_ERROR;
				CLANG_WARN_DOCUMENTATION_COMMENTS = YES;
				CLANG_WARN_EMPTY_BODY = YES;
				CLANG_WARN_ENUM_CONVERSION = YES;
				CLANG_WARN_INFINITE_RECURSION = YES;
				CLANG_WARN_INT_CONVERSION = YES;
				CLANG_WARN_NON_LITERAL_NULL_CONVERSION = YES;
				CLANG_WARN_OBJC_IMPLICIT_RETAIN_SELF = YES;
				CLANG_WARN_OBJC_LITERAL_CONVERSION = YES;
				CLANG_WARN_OBJC_ROOT_CLASS = YES_ERROR;
				CLANG_WARN_QUOTED_INCLUDE_IN_FRAMEWORK_HEADER = YES;
				CLANG_WARN_RANGE_LOOP_ANALYSIS = YES;
				CLANG_WARN_STRICT_PROTOTYPES = YES;
				CLANG_WARN_SUSPICIOUS_MOVE = YES;
				CLANG_WARN_UNGUARDED_AVAILABILITY = YES_AGGRESSIVE;
				CLANG_WARN_UNREACHABLE_CODE = YES;
				CLANG_WARN__DUPLICATE_METHOD_MATCH = YES;
				COPY_PHASE_STRIP = NO;
				DEBUG_INFORMATION_FORMAT = "dwarf-with-dsym";
				ENABLE_NS_ASSERTIONS = NO;
				ENABLE_STRICT_OBJC_MSGSEND = YES;
				ENABLE_USER_SCRIPT_SANDBOXING = YES;
				GCC_C_LANGUAGE_STANDARD = gnu17;
				GCC_NO_COMMON_BLOCKS = YES;
				GCC_WARN_64_TO_32_BIT_CONVERSION = YES;
				GCC_WARN_ABOUT_RETURN_TYPE = YES_ERROR;
				GCC_WARN_UNDECLARED_SELECTOR = YES;
				GCC_WARN_UNINITIALIZED_AUTOS = YES_AGGRESSIVE;
				GCC_WARN_UNUSED_FUNCTION = YES;
				GCC_WARN_UNUSED_VARIABLE = YES;
				IPHONEOS_DEPLOYMENT_TARGET = 17.5;
				LOCALIZATION_PREFERS_STRING_CATALOGS = YES;
				MTL_ENABLE_DEBUG_INFO = NO;
				MTL_FAST_MATH = YES;
				SDKROOT = iphoneos;
				SWIFT_COMPILATION_MODE = wholemodule;
				VALIDATE_PRODUCT = YES;
			};
			name = Release;
		};
		A351CD7E2D6CE87B00C4DBF2 /* Debug */ = {
			isa = XCBuildConfiguration;
			buildSettings = {
				ASSETCATALOG_COMPILER_APPICON_NAME = AppIcon;
				ASSETCATALOG_COMPILER_GLOBAL_ACCENT_COLOR_NAME = AccentColor;
				CODE_SIGN_STYLE = Automatic;
				CURRENT_PROJECT_VERSION = 1;
				DEVELOPMENT_ASSET_PATHS = "\"Quokka/Preview Content\"";
				ENABLE_PREVIEWS = YES;
				GENERATE_INFOPLIST_FILE = YES;
				INFOPLIST_KEY_UIApplicationSceneManifest_Generation = YES;
				INFOPLIST_KEY_UIApplicationSupportsIndirectInputEvents = YES;
				INFOPLIST_KEY_UILaunchScreen_Generation = YES;
				INFOPLIST_KEY_UISupportedInterfaceOrientations_iPad = "UIInterfaceOrientationPortrait UIInterfaceOrientationPortraitUpsideDown UIInterfaceOrientationLandscapeLeft UIInterfaceOrientationLandscapeRight";
				INFOPLIST_KEY_UISupportedInterfaceOrientations_iPhone = "UIInterfaceOrientationPortrait UIInterfaceOrientationLandscapeLeft UIInterfaceOrientationLandscapeRight";
				LD_RUNPATH_SEARCH_PATHS = (
					"$(inherited)",
					"@executable_path/Frameworks",
				);
				MARKETING_VERSION = 1.0;
				PRODUCT_BUNDLE_IDENTIFIER = TheSchlabachFoundation.Quokka;
				PRODUCT_NAME = "$(TARGET_NAME)";
				SWIFT_EMIT_LOC_STRINGS = YES;
				SWIFT_VERSION = 5.0;
				TARGETED_DEVICE_FAMILY = "1,2";
			};
			name = Debug;
		};
		A351CD7F2D6CE87B00C4DBF2 /* Release */ = {
			isa = XCBuildConfiguration;
			buildSettings = {
				ASSETCATALOG_COMPILER_APPICON_NAME = AppIcon;
				ASSETCATALOG_COMPILER_GLOBAL_ACCENT_COLOR_NAME = AccentColor;
				CODE_SIGN_STYLE = Automatic;
				CURRENT_PROJECT_VERSION = 1;
				DEVELOPMENT_ASSET_PATHS = "\"Quokka/Preview Content\"";
				ENABLE_PREVIEWS = YES;
				GENERATE_INFOPLIST_FILE = YES;
				INFOPLIST_KEY_UIApplicationSceneManifest_Generation = YES;
				INFOPLIST_KEY_UIApplicationSupportsIndirectInputEvents = YES;
				INFOPLIST_KEY_UILaunchScreen_Generation = YES;
				INFOPLIST_KEY_UISupportedInterfaceOrientations_iPad = "UIInterfaceOrientationPortrait UIInterfaceOrientationPortraitUpsideDown UIInterfaceOrientationLandscapeLeft UIInterfaceOrientationLandscapeRight";
				INFOPLIST_KEY_UISupportedInterfaceOrientations_iPhone = "UIInterfaceOrientationPortrait UIInterfaceOrientationLandscapeLeft UIInterfaceOrientationLandscapeRight";
				LD_RUNPATH_SEARCH_PATHS = (
					"$(inherited)",
					"@executable_path/Frameworks",
				);
				MARKETING_VERSION = 1.0;
				PRODUCT_BUNDLE_IDENTIFIER = TheSchlabachFoundation.Quokka;
				PRODUCT_NAME = "$(TARGET_NAME)";
				SWIFT_EMIT_LOC_STRINGS = YES;
				SWIFT_VERSION = 5.0;
				TARGETED_DEVICE_FAMILY = "1,2";
			};
			name = Release;
		};
/* End XCBuildConfiguration section */

/* Begin XCConfigurationList section */
		A351CD6A2D6CE87A00C4DBF2 /* Build configuration list for PBXProject "Quokka" */ = {
			isa = XCConfigurationList;
			buildConfigurations = (
				A351CD7B2D6CE87B00C4DBF2 /* Debug */,
				A351CD7C2D6CE87B00C4DBF2 /* Release */,
			);
			defaultConfigurationIsVisible = 0;
			defaultConfigurationName = Release;
		};
		A351CD7D2D6CE87B00C4DBF2 /* Build configuration list for PBXNativeTarget "Quokka" */ = {
			isa = XCConfigurationList;
			buildConfigurations = (
				A351CD7E2D6CE87B00C4DBF2 /* Debug */,
				A351CD7F2D6CE87B00C4DBF2 /* Release */,
			);
			defaultConfigurationIsVisible = 0;
			defaultConfigurationName = Release;
		};
/* End XCConfigurationList section */

/* Begin XCRemoteSwiftPackageReference section */
		A351CD902D72310C00C4DBF2 /* XCRemoteSwiftPackageReference "firebase-ios-sdk" */ = {
			isa = XCRemoteSwiftPackageReference;
			repositoryURL = "https://github.com/firebase/firebase-ios-sdk.git";
			requirement = {
				kind = upToNextMajorVersion;
				minimumVersion = 11.9.0;
			};
		};
/* End XCRemoteSwiftPackageReference section */

/* Begin XCSwiftPackageProductDependency section */
		A351CD912D72310C00C4DBF2 /* FirebaseAnalytics */ = {
			isa = XCSwiftPackageProductDependency;
			package = A351CD902D72310C00C4DBF2 /* XCRemoteSwiftPackageReference "firebase-ios-sdk" */;
			productName = FirebaseAnalytics;
		};
		A351CD932D72310C00C4DBF2 /* FirebaseAuth */ = {
			isa = XCSwiftPackageProductDependency;
			package = A351CD902D72310C00C4DBF2 /* XCRemoteSwiftPackageReference "firebase-ios-sdk" */;
			productName = FirebaseAuth;
		};
		A351CD952D72310C00C4DBF2 /* FirebaseCore */ = {
			isa = XCSwiftPackageProductDependency;
			package = A351CD902D72310C00C4DBF2 /* XCRemoteSwiftPackageReference "firebase-ios-sdk" */;
			productName = FirebaseCore;
		};
		A351CD972D72310C00C4DBF2 /* FirebaseDatabase */ = {
			isa = XCSwiftPackageProductDependency;
			package = A351CD902D72310C00C4DBF2 /* XCRemoteSwiftPackageReference "firebase-ios-sdk" */;
			productName = FirebaseDatabase;
		};
		A351CD992D72310C00C4DBF2 /* FirebaseFunctions */ = {
			isa = XCSwiftPackageProductDependency;
			package = A351CD902D72310C00C4DBF2 /* XCRemoteSwiftPackageReference "firebase-ios-sdk" */;
			productName = FirebaseFunctions;
		};
		A351CD9B2D72310C00C4DBF2 /* FirebasePerformance */ = {
			isa = XCSwiftPackageProductDependency;
			package = A351CD902D72310C00C4DBF2 /* XCRemoteSwiftPackageReference "firebase-ios-sdk" */;
			productName = FirebasePerformance;
		};
		A351CD9D2D72310C00C4DBF2 /* FirebaseRemoteConfig */ = {
			isa = XCSwiftPackageProductDependency;
			package = A351CD902D72310C00C4DBF2 /* XCRemoteSwiftPackageReference "firebase-ios-sdk" */;
			productName = FirebaseRemoteConfig;
		};
		A351CD9F2D72310C00C4DBF2 /* FirebaseStorage */ = {
			isa = XCSwiftPackageProductDependency;
			package = A351CD902D72310C00C4DBF2 /* XCRemoteSwiftPackageReference "firebase-ios-sdk" */;
			productName = FirebaseStorage;
		};
		A351CDA32D72345900C4DBF2 /* FirebaseStorageCombine-Community */ = {
			isa = XCSwiftPackageProductDependency;
			package = A351CD902D72310C00C4DBF2 /* XCRemoteSwiftPackageReference "firebase-ios-sdk" */;
			productName = "FirebaseStorageCombine-Community";
		};
		A351CDA52D762EE100C4DBF2 /* FirebaseFirestore */ = {
			isa = XCSwiftPackageProductDependency;
			package = A351CD902D72310C00C4DBF2 /* XCRemoteSwiftPackageReference "firebase-ios-sdk" */;
			productName = FirebaseFirestore;
		};
		A351CDA72D762EE100C4DBF2 /* FirebaseFirestoreCombine-Community */ = {
			isa = XCSwiftPackageProductDependency;
			package = A351CD902D72310C00C4DBF2 /* XCRemoteSwiftPackageReference "firebase-ios-sdk" */;
			productName = "FirebaseFirestoreCombine-Community";
		};
/* End XCSwiftPackageProductDependency section */
	};
	rootObject = A351CD672D6CE87A00C4DBF2 /* Project object */;
}
